
Microsoft Visual Studio Solution File, Format Version 12.00
# Visual Studio Version 17
VisualStudioVersion = 17.14.37216.2
MinimumVisualStudioVersion = 10.0.40219.1
Project("{FAE04EC0-301F-11D3-BF4B-00C04F79EFBC}") = "task05", "task.05\task05.csproj", "{33EB8D41-AE96-4B40-BE46-56DBD400356E}"
EndProject
Project("{FAE04EC0-301F-11D3-BF4B-00C04F79EFBC}") = "task05tests", "task.05tests\task05tests.csproj", "{68BCC2D1-F852-488A-80E1-09C6C867472C}"
EndProject
Global
	GlobalSection(SolutionConfigurationPlatforms) = preSolution
		Debug|Any CPU = Debug|Any CPU
		Release|Any CPU = Release|Any CPU
	EndGlobalSection
	GlobalSection(ProjectConfigurationPlatforms) = postSolution
		{33EB8D41-AE96-4B40-BE46-56DBD400356E}.Debug|Any CPU.ActiveCfg = Debug|Any CPU
		{33EB8D41-AE96-4B40-BE46-56DBD400356E}.Debug|Any CPU.Build.0 = Debug|Any CPU
		{33EB8D41-AE96-4B40-BE46-56DBD400356E}.Release|Any CPU.ActiveCfg = Release|Any CPU
		{33EB8D41-AE96-4B40-BE46-56DBD400356E}.Release|Any CPU.Build.0 = Release|Any CPU
		{68BCC2D1-F852-488A-80E1-09C6C867472C}.Debug|Any CPU.ActiveCfg = Debug|Any CPU
		{68BCC2D1-F852-488A-80E1-09C6C867472C}.Debug|Any CPU.Build.0 = Debug|Any CPU
		{68BCC2D1-F852-488A-80E1-09C6C867472C}.Release|Any CPU.ActiveCfg = Release|Any CPU
		{68BCC2D1-F852-488A-80E1-09C6C867472C}.Release|Any CPU.Build.0 = Release|Any CPU
	EndGlobalSection
	GlobalSection(SolutionProperties) = preSolution
		HideSolutionNode = FALSE
	EndGlobalSection
	GlobalSection(ExtensibilityGlobals) = postSolution
		SolutionGuid = {96996A7D-0D83-440E-8F6C-A6EB7573DB21}
	EndGlobalSection
EndGlobal
